
Microsoft Visual Studio Solution File, Format Version 12.00
# Visual Studio Version 17
VisualStudioVersion = 17.0.31903.59
MinimumVisualStudioVersion = 10.0.40219.1
Project("{FAE04EC0-301F-11D3-BF4B-00C04F79EFBC}") = "BooksLibrary", "BooksLibrary\BooksLibrary.csproj", "{13A641E1-E5D3-44B6-B28F-05CDDE624C03}"
EndProject
Project("{FAE04EC0-301F-11D3-BF4B-00C04F79EFBC}") = "BooksLibrary.Tests", "BooksLibrary.Tests\BooksLibrary.Tests.csproj", "{7CFBC885-CFCC-40A0-92C9-4BB206391F4F}"
EndProject
Global
	GlobalSection(SolutionConfigurationPlatforms) = preSolution
		Debug|Any CPU = Debug|Any CPU
		Debug|x64 = Debug|x64
		Debug|x86 = Debug|x86
		Release|Any CPU = Release|Any CPU
		Release|x64 = Release|x64
		Release|x86 = Release|x86
	EndGlobalSection
	GlobalSection(ProjectConfigurationPlatforms) = postSolution
		{13A641E1-E5D3-44B6-B28F-05CDDE624C03}.Debug|Any CPU.ActiveCfg = Debug|Any CPU
		{13A641E1-E5D3-44B6-B28F-05CDDE624C03}.Debug|Any CPU.Build.0 = Debug|Any CPU
		{13A641E1-E5D3-44B6-B28F-05CDDE624C03}.Debug|x64.ActiveCfg = Debug|Any CPU
		{13A641E1-E5D3-44B6-B28F-05CDDE624C03}.Debug|x64.Build.0 = Debug|Any CPU
		{13A641E1-E5D3-44B6-B28F-05CDDE624C03}.Debug|x86.ActiveCfg = Debug|Any CPU
		{13A641E1-E5D3-44B6-B28F-05CDDE624C03}.Debug|x86.Build.0 = Debug|Any CPU
		{13A641E1-E5D3-44B6-B28F-05CDDE624C03}.Release|Any CPU.ActiveCfg = Release|Any CPU
		{13A641E1-E5D3-44B6-B28F-05CDDE624C03}.Release|Any CPU.Build.0 = Release|Any CPU
		{13A641E1-E5D3-44B6-B28F-05CDDE624C03}.Release|x64.ActiveCfg = Release|Any CPU
		{13A641E1-E5D3-44B6-B28F-05CDDE624C03}.Release|x64.Build.0 = Release|Any CPU
		{13A641E1-E5D3-44B6-B28F-05CDDE624C03}.Release|x86.ActiveCfg = Release|Any CPU
		{13A641E1-E5D3-44B6-B28F-05CDDE624C03}.Release|x86.Build.0 = Release|Any CPU
		{7CFBC885-CFCC-40A0-92C9-4BB206391F4F}.Debug|Any CPU.ActiveCfg = Debug|Any CPU
		{7CFBC885-CFCC-40A0-92C9-4BB206391F4F}.Debug|Any CPU.Build.0 = Debug|Any CPU
		{7CFBC885-CFCC-40A0-92C9-4BB206391F4F}.Debug|x64.ActiveCfg = Debug|Any CPU
		{7CFBC885-CFCC-40A0-92C9-4BB206391F4F}.Debug|x64.Build.0 = Debug|Any CPU
		{7CFBC885-CFCC-40A0-92C9-4BB206391F4F}.Debug|x86.ActiveCfg = Debug|Any CPU
		{7CFBC885-CFCC-40A0-92C9-4BB206391F4F}.Debug|x86.Build.0 = Debug|Any CPU
		{7CFBC885-CFCC-40A0-92C9-4BB206391F4F}.Release|Any CPU.ActiveCfg = Release|Any CPU
		{7CFBC885-CFCC-40A0-92C9-4BB206391F4F}.Release|Any CPU.Build.0 = Release|Any CPU
		{7CFBC885-CFCC-40A0-92C9-4BB206391F4F}.Release|x64.ActiveCfg = Release|Any CPU
		{7CFBC885-CFCC-40A0-92C9-4BB206391F4F}.Release|x64.Build.0 = Release|Any CPU
		{7CFBC885-CFCC-40A0-92C9-4BB206391F4F}.Release|x86.ActiveCfg = Release|Any CPU
		{7CFBC885-CFCC-40A0-92C9-4BB206391F4F}.Release|x86.Build.0 = Release|Any CPU
	EndGlobalSection
	GlobalSection(SolutionProperties) = preSolution
		HideSolutionNode = FALSE
	EndGlobalSection
EndGlobal
